
Microsoft Visual Studio Solution File, Format Version 12.00
# Visual Studio Version 17
VisualStudioVersion = 17.8.34511.84
MinimumVisualStudioVersion = 10.0.40219.1
Project("{FAE04EC0-301F-11D3-BF4B-00C04F79EFBC}") = "Action_selector", "Action_selector\Action_selector.csproj", "{89387713-32A5-490C-9638-49F0AE1DEFEA}"
EndProject
Global
	GlobalSection(SolutionConfigurationPlatforms) = preSolution
		Debug|Any CPU = Debug|Any CPU
		Release|Any CPU = Release|Any CPU
	EndGlobalSection
	GlobalSection(ProjectConfigurationPlatforms) = postSolution
		{89387713-32A5-490C-9638-49F0AE1DEFEA}.Debug|Any CPU.ActiveCfg = Debug|Any CPU
		{89387713-32A5-490C-9638-49F0AE1DEFEA}.Debug|Any CPU.Build.0 = Debug|Any CPU
		{89387713-32A5-490C-9638-49F0AE1DEFEA}.Release|Any CPU.ActiveCfg = Release|Any CPU
		{89387713-32A5-490C-9638-49F0AE1DEFEA}.Release|Any CPU.Build.0 = Release|Any CPU
	EndGlobalSection
	GlobalSection(SolutionProperties) = preSolution
		HideSolutionNode = FALSE
	EndGlobalSection
	GlobalSection(ExtensibilityGlobals) = postSolution
		SolutionGuid = {980EE7E2-6EAA-4936-A969-CF57E76C3560}
	EndGlobalSection
EndGlobal
